
Microsoft Visual Studio Solution File, Format Version 12.00
# Visual Studio 15
VisualStudioVersion = 15.0.28307.1259
MinimumVisualStudioVersion = 10.0.40219.1
Project("{8BC9CEB8-8B4A-11D0-8D11-00A0C91BC942}") = "51-智能指针", "51-智能指针\51-智能指针.vcxproj", "{DDB19326-DD99-45E5-A8F4-CC4B9C720EEC}"
EndProject
Global
	GlobalSection(SolutionConfigurationPlatforms) = preSolution
		Debug|x64 = Debug|x64
		Debug|x86 = Debug|x86
		Release|x64 = Release|x64
		Release|x86 = Release|x86
	EndGlobalSection
	GlobalSection(ProjectConfigurationPlatforms) = postSolution
		{DDB19326-DD99-45E5-A8F4-CC4B9C720EEC}.Debug|x64.ActiveCfg = Debug|x64
		{DDB19326-DD99-45E5-A8F4-CC4B9C720EEC}.Debug|x64.Build.0 = Debug|x64
		{DDB19326-DD99-45E5-A8F4-CC4B9C720EEC}.Debug|x86.ActiveCfg = Debug|Win32
		{DDB19326-DD99-45E5-A8F4-CC4B9C720EEC}.Debug|x86.Build.0 = Debug|Win32
		{DDB19326-DD99-45E5-A8F4-CC4B9C720EEC}.Release|x64.ActiveCfg = Release|x64
		{DDB19326-DD99-45E5-A8F4-CC4B9C720EEC}.Release|x64.Build.0 = Release|x64
		{DDB19326-DD99-45E5-A8F4-CC4B9C720EEC}.Release|x86.ActiveCfg = Release|Win32
		{DDB19326-DD99-45E5-A8F4-CC4B9C720EEC}.Release|x86.Build.0 = Release|Win32
	EndGlobalSection
	GlobalSection(SolutionProperties) = preSolution
		HideSolutionNode = FALSE
	EndGlobalSection
	GlobalSection(ExtensibilityGlobals) = postSolution
		SolutionGuid = {89645E1A-2305-485C-ADA2-51A15CF67011}
	EndGlobalSection
EndGlobal
