
Microsoft Visual Studio Solution File, Format Version 12.00
# Visual Studio 15
VisualStudioVersion = 15.0.28307.1062
MinimumVisualStudioVersion = 10.0.40219.1
Project("{8BC9CEB8-8B4A-11D0-8D11-00A0C91BC942}") = "04-extern_C", "04-extern_C\04-extern_C.vcxproj", "{97CB6A4F-56D8-48CC-9ABC-B7A528281EB4}"
EndProject
Global
	GlobalSection(SolutionConfigurationPlatforms) = preSolution
		Debug|x64 = Debug|x64
		Debug|x86 = Debug|x86
		Release|x64 = Release|x64
		Release|x86 = Release|x86
	EndGlobalSection
	GlobalSection(ProjectConfigurationPlatforms) = postSolution
		{97CB6A4F-56D8-48CC-9ABC-B7A528281EB4}.Debug|x64.ActiveCfg = Debug|x64
		{97CB6A4F-56D8-48CC-9ABC-B7A528281EB4}.Debug|x64.Build.0 = Debug|x64
		{97CB6A4F-56D8-48CC-9ABC-B7A528281EB4}.Debug|x86.ActiveCfg = Debug|Win32
		{97CB6A4F-56D8-48CC-9ABC-B7A528281EB4}.Debug|x86.Build.0 = Debug|Win32
		{97CB6A4F-56D8-48CC-9ABC-B7A528281EB4}.Release|x64.ActiveCfg = Release|x64
		{97CB6A4F-56D8-48CC-9ABC-B7A528281EB4}.Release|x64.Build.0 = Release|x64
		{97CB6A4F-56D8-48CC-9ABC-B7A528281EB4}.Release|x86.ActiveCfg = Release|Win32
		{97CB6A4F-56D8-48CC-9ABC-B7A528281EB4}.Release|x86.Build.0 = Release|Win32
	EndGlobalSection
	GlobalSection(SolutionProperties) = preSolution
		HideSolutionNode = FALSE
	EndGlobalSection
	GlobalSection(ExtensibilityGlobals) = postSolution
		SolutionGuid = {8D2BDEFF-EA56-4A76-B9A5-8A06E3BE723F}
	EndGlobalSection
EndGlobal
