
Microsoft Visual Studio Solution File, Format Version 12.00
# Visual Studio 15
VisualStudioVersion = 15.0.28307.1259
MinimumVisualStudioVersion = 10.0.40219.1
Project("{8BC9CEB8-8B4A-11D0-8D11-00A0C91BC942}") = "02-函数重载", "02-函数重载\02-函数重载.vcxproj", "{493044DB-846E-4BD7-83E2-F2B1AD484B12}"
EndProject
Global
	GlobalSection(SolutionConfigurationPlatforms) = preSolution
		Debug|x64 = Debug|x64
		Debug|x86 = Debug|x86
		Release|x64 = Release|x64
		Release|x86 = Release|x86
	EndGlobalSection
	GlobalSection(ProjectConfigurationPlatforms) = postSolution
		{493044DB-846E-4BD7-83E2-F2B1AD484B12}.Debug|x64.ActiveCfg = Debug|x64
		{493044DB-846E-4BD7-83E2-F2B1AD484B12}.Debug|x64.Build.0 = Debug|x64
		{493044DB-846E-4BD7-83E2-F2B1AD484B12}.Debug|x86.ActiveCfg = Debug|Win32
		{493044DB-846E-4BD7-83E2-F2B1AD484B12}.Debug|x86.Build.0 = Debug|Win32
		{493044DB-846E-4BD7-83E2-F2B1AD484B12}.Release|x64.ActiveCfg = Release|x64
		{493044DB-846E-4BD7-83E2-F2B1AD484B12}.Release|x64.Build.0 = Release|x64
		{493044DB-846E-4BD7-83E2-F2B1AD484B12}.Release|x86.ActiveCfg = Release|Win32
		{493044DB-846E-4BD7-83E2-F2B1AD484B12}.Release|x86.Build.0 = Release|Win32
	EndGlobalSection
	GlobalSection(SolutionProperties) = preSolution
		HideSolutionNode = FALSE
	EndGlobalSection
	GlobalSection(ExtensibilityGlobals) = postSolution
		SolutionGuid = {C0F0F2A1-6027-46D2-AD7B-36C0CCD35F18}
	EndGlobalSection
EndGlobal
