
Microsoft Visual Studio Solution File, Format Version 12.00
# Visual Studio 15
VisualStudioVersion = 15.0.28307.1259
MinimumVisualStudioVersion = 10.0.40219.1
Project("{8BC9CEB8-8B4A-11D0-8D11-00A0C91BC942}") = "36-深拷贝", "36-深拷贝\36-深拷贝.vcxproj", "{DAE7B025-B431-4539-97FB-D83EEF6C1263}"
EndProject
Global
	GlobalSection(SolutionConfigurationPlatforms) = preSolution
		Debug|x64 = Debug|x64
		Debug|x86 = Debug|x86
		Release|x64 = Release|x64
		Release|x86 = Release|x86
	EndGlobalSection
	GlobalSection(ProjectConfigurationPlatforms) = postSolution
		{DAE7B025-B431-4539-97FB-D83EEF6C1263}.Debug|x64.ActiveCfg = Debug|x64
		{DAE7B025-B431-4539-97FB-D83EEF6C1263}.Debug|x64.Build.0 = Debug|x64
		{DAE7B025-B431-4539-97FB-D83EEF6C1263}.Debug|x86.ActiveCfg = Debug|Win32
		{DAE7B025-B431-4539-97FB-D83EEF6C1263}.Debug|x86.Build.0 = Debug|Win32
		{DAE7B025-B431-4539-97FB-D83EEF6C1263}.Release|x64.ActiveCfg = Release|x64
		{DAE7B025-B431-4539-97FB-D83EEF6C1263}.Release|x64.Build.0 = Release|x64
		{DAE7B025-B431-4539-97FB-D83EEF6C1263}.Release|x86.ActiveCfg = Release|Win32
		{DAE7B025-B431-4539-97FB-D83EEF6C1263}.Release|x86.Build.0 = Release|Win32
	EndGlobalSection
	GlobalSection(SolutionProperties) = preSolution
		HideSolutionNode = FALSE
	EndGlobalSection
	GlobalSection(ExtensibilityGlobals) = postSolution
		SolutionGuid = {F0D1568D-CC81-471A-AC57-E7326E5A0048}
	EndGlobalSection
EndGlobal
