
Microsoft Visual Studio Solution File, Format Version 12.00
# Visual Studio 15
VisualStudioVersion = 15.0.28307.1062
MinimumVisualStudioVersion = 10.0.40219.1
Project("{8BC9CEB8-8B4A-11D0-8D11-00A0C91BC942}") = "22-成员访问权限", "22-成员访问权限\22-成员访问权限.vcxproj", "{BD53100E-1E24-4FBD-996F-838A30320054}"
EndProject
Global
	GlobalSection(SolutionConfigurationPlatforms) = preSolution
		Debug|x64 = Debug|x64
		Debug|x86 = Debug|x86
		Release|x64 = Release|x64
		Release|x86 = Release|x86
	EndGlobalSection
	GlobalSection(ProjectConfigurationPlatforms) = postSolution
		{BD53100E-1E24-4FBD-996F-838A30320054}.Debug|x64.ActiveCfg = Debug|x64
		{BD53100E-1E24-4FBD-996F-838A30320054}.Debug|x64.Build.0 = Debug|x64
		{BD53100E-1E24-4FBD-996F-838A30320054}.Debug|x86.ActiveCfg = Debug|Win32
		{BD53100E-1E24-4FBD-996F-838A30320054}.Debug|x86.Build.0 = Debug|Win32
		{BD53100E-1E24-4FBD-996F-838A30320054}.Release|x64.ActiveCfg = Release|x64
		{BD53100E-1E24-4FBD-996F-838A30320054}.Release|x64.Build.0 = Release|x64
		{BD53100E-1E24-4FBD-996F-838A30320054}.Release|x86.ActiveCfg = Release|Win32
		{BD53100E-1E24-4FBD-996F-838A30320054}.Release|x86.Build.0 = Release|Win32
	EndGlobalSection
	GlobalSection(SolutionProperties) = preSolution
		HideSolutionNode = FALSE
	EndGlobalSection
	GlobalSection(ExtensibilityGlobals) = postSolution
		SolutionGuid = {2F85E2E4-4EC5-4D9E-BFB3-58A6BA271CD0}
	EndGlobalSection
EndGlobal
