
Microsoft Visual Studio Solution File, Format Version 12.00
# Visual Studio 15
VisualStudioVersion = 15.0.28307.1259
MinimumVisualStudioVersion = 10.0.40219.1
Project("{8BC9CEB8-8B4A-11D0-8D11-00A0C91BC942}") = "24-构造函数的互相调用", "24-构造函数的互相调用\24-构造函数的互相调用.vcxproj", "{67FA9DD9-7409-4928-9E22-36F023A7045E}"
EndProject
Global
	GlobalSection(SolutionConfigurationPlatforms) = preSolution
		Debug|x64 = Debug|x64
		Debug|x86 = Debug|x86
		Release|x64 = Release|x64
		Release|x86 = Release|x86
	EndGlobalSection
	GlobalSection(ProjectConfigurationPlatforms) = postSolution
		{67FA9DD9-7409-4928-9E22-36F023A7045E}.Debug|x64.ActiveCfg = Debug|x64
		{67FA9DD9-7409-4928-9E22-36F023A7045E}.Debug|x64.Build.0 = Debug|x64
		{67FA9DD9-7409-4928-9E22-36F023A7045E}.Debug|x86.ActiveCfg = Debug|Win32
		{67FA9DD9-7409-4928-9E22-36F023A7045E}.Debug|x86.Build.0 = Debug|Win32
		{67FA9DD9-7409-4928-9E22-36F023A7045E}.Release|x64.ActiveCfg = Release|x64
		{67FA9DD9-7409-4928-9E22-36F023A7045E}.Release|x64.Build.0 = Release|x64
		{67FA9DD9-7409-4928-9E22-36F023A7045E}.Release|x86.ActiveCfg = Release|Win32
		{67FA9DD9-7409-4928-9E22-36F023A7045E}.Release|x86.Build.0 = Release|Win32
	EndGlobalSection
	GlobalSection(SolutionProperties) = preSolution
		HideSolutionNode = FALSE
	EndGlobalSection
	GlobalSection(ExtensibilityGlobals) = postSolution
		SolutionGuid = {CA71DA5F-6B3A-4C31-A9E3-DA6E65949743}
	EndGlobalSection
EndGlobal
