
Microsoft Visual Studio Solution File, Format Version 12.00
# Visual Studio 15
VisualStudioVersion = 15.0.28307.1259
MinimumVisualStudioVersion = 10.0.40219.1
Project("{8BC9CEB8-8B4A-11D0-8D11-00A0C91BC942}") = "23-初始化列表", "23-初始化列表\23-初始化列表.vcxproj", "{EB17AD29-FC46-4F77-9D9A-AA46542984DF}"
EndProject
Global
	GlobalSection(SolutionConfigurationPlatforms) = preSolution
		Debug|x64 = Debug|x64
		Debug|x86 = Debug|x86
		Release|x64 = Release|x64
		Release|x86 = Release|x86
	EndGlobalSection
	GlobalSection(ProjectConfigurationPlatforms) = postSolution
		{EB17AD29-FC46-4F77-9D9A-AA46542984DF}.Debug|x64.ActiveCfg = Debug|x64
		{EB17AD29-FC46-4F77-9D9A-AA46542984DF}.Debug|x64.Build.0 = Debug|x64
		{EB17AD29-FC46-4F77-9D9A-AA46542984DF}.Debug|x86.ActiveCfg = Debug|Win32
		{EB17AD29-FC46-4F77-9D9A-AA46542984DF}.Debug|x86.Build.0 = Debug|Win32
		{EB17AD29-FC46-4F77-9D9A-AA46542984DF}.Release|x64.ActiveCfg = Release|x64
		{EB17AD29-FC46-4F77-9D9A-AA46542984DF}.Release|x64.Build.0 = Release|x64
		{EB17AD29-FC46-4F77-9D9A-AA46542984DF}.Release|x86.ActiveCfg = Release|Win32
		{EB17AD29-FC46-4F77-9D9A-AA46542984DF}.Release|x86.Build.0 = Release|Win32
	EndGlobalSection
	GlobalSection(SolutionProperties) = preSolution
		HideSolutionNode = FALSE
	EndGlobalSection
	GlobalSection(ExtensibilityGlobals) = postSolution
		SolutionGuid = {45BD9908-15EE-43D4-85C6-F552B9F785E9}
	EndGlobalSection
EndGlobal
