
Microsoft Visual Studio Solution File, Format Version 12.00
# Visual Studio 15
VisualStudioVersion = 15.0.28307.1259
MinimumVisualStudioVersion = 10.0.40219.1
Project("{8BC9CEB8-8B4A-11D0-8D11-00A0C91BC942}") = "42-局部类", "42-局部类\42-局部类.vcxproj", "{43B5C422-A20F-4B5A-A557-AE2D49C9879C}"
EndProject
Global
	GlobalSection(SolutionConfigurationPlatforms) = preSolution
		Debug|x64 = Debug|x64
		Debug|x86 = Debug|x86
		Release|x64 = Release|x64
		Release|x86 = Release|x86
	EndGlobalSection
	GlobalSection(ProjectConfigurationPlatforms) = postSolution
		{43B5C422-A20F-4B5A-A557-AE2D49C9879C}.Debug|x64.ActiveCfg = Debug|x64
		{43B5C422-A20F-4B5A-A557-AE2D49C9879C}.Debug|x64.Build.0 = Debug|x64
		{43B5C422-A20F-4B5A-A557-AE2D49C9879C}.Debug|x86.ActiveCfg = Debug|Win32
		{43B5C422-A20F-4B5A-A557-AE2D49C9879C}.Debug|x86.Build.0 = Debug|Win32
		{43B5C422-A20F-4B5A-A557-AE2D49C9879C}.Release|x64.ActiveCfg = Release|x64
		{43B5C422-A20F-4B5A-A557-AE2D49C9879C}.Release|x64.Build.0 = Release|x64
		{43B5C422-A20F-4B5A-A557-AE2D49C9879C}.Release|x86.ActiveCfg = Release|Win32
		{43B5C422-A20F-4B5A-A557-AE2D49C9879C}.Release|x86.Build.0 = Release|Win32
	EndGlobalSection
	GlobalSection(SolutionProperties) = preSolution
		HideSolutionNode = FALSE
	EndGlobalSection
	GlobalSection(ExtensibilityGlobals) = postSolution
		SolutionGuid = {AE9E90D3-CC11-4E64-BDAB-67D454526BBF}
	EndGlobalSection
EndGlobal
